
Microsoft Visual Studio Solution File, Format Version 12.00
# Visual Studio Version 16
VisualStudioVersion = 16.0.34931.43
MinimumVisualStudioVersion = 10.0.40219.1
Project("{FAE04EC0-301F-11D3-BF4B-00C04F79EFBC}") = "BackEnd", "BackEnd\BackEnd.csproj", "{EF6DC2C0-6FDF-4FD0-9D37-93008AC9BA55}"
EndProject
Project("{FAE04EC0-301F-11D3-BF4B-00C04F79EFBC}") = "ConectarDatos", "ConectarDatos\ConectarDatos.csproj", "{A5F41D8B-7EA6-4C7D-8BAC-CAF49541FA62}"
EndProject
Global
	GlobalSection(SolutionConfigurationPlatforms) = preSolution
		Debug|Any CPU = Debug|Any CPU
		Release|Any CPU = Release|Any CPU
	EndGlobalSection
	GlobalSection(ProjectConfigurationPlatforms) = postSolution
		{EF6DC2C0-6FDF-4FD0-9D37-93008AC9BA55}.Debug|Any CPU.ActiveCfg = Debug|Any CPU
		{EF6DC2C0-6FDF-4FD0-9D37-93008AC9BA55}.Debug|Any CPU.Build.0 = Debug|Any CPU
		{EF6DC2C0-6FDF-4FD0-9D37-93008AC9BA55}.Release|Any CPU.ActiveCfg = Release|Any CPU
		{EF6DC2C0-6FDF-4FD0-9D37-93008AC9BA55}.Release|Any CPU.Build.0 = Release|Any CPU
		{A5F41D8B-7EA6-4C7D-8BAC-CAF49541FA62}.Debug|Any CPU.ActiveCfg = Debug|Any CPU
		{A5F41D8B-7EA6-4C7D-8BAC-CAF49541FA62}.Debug|Any CPU.Build.0 = Debug|Any CPU
		{A5F41D8B-7EA6-4C7D-8BAC-CAF49541FA62}.Release|Any CPU.ActiveCfg = Release|Any CPU
		{A5F41D8B-7EA6-4C7D-8BAC-CAF49541FA62}.Release|Any CPU.Build.0 = Release|Any CPU
	EndGlobalSection
	GlobalSection(SolutionProperties) = preSolution
		HideSolutionNode = FALSE
	EndGlobalSection
	GlobalSection(ExtensibilityGlobals) = postSolution
		SolutionGuid = {7B784519-A02C-4742-93C4-40FF8E4CA328}
	EndGlobalSection
EndGlobal
